
Microsoft Visual Studio Solution File, Format Version 12.00
# Visual Studio Version 16
VisualStudioVersion = 16.0.33214.272
MinimumVisualStudioVersion = 10.0.40219.1
Project("{8BC9CEB8-8B4A-11D0-8D11-00A0C91BC942}") = "cinternal_all", "cinternal_all.vcxproj", "{887447C4-8988-4451-9D32-60EE9C5C0E4E}"
EndProject
Project("{2150E333-8FDC-42A3-9474-1A3956D46DE8}") = "projects", "projects", "{76DA060C-CAE9-448B-9BA4-A49ABEA5763F}"
EndProject
Project("{2150E333-8FDC-42A3-9474-1A3956D46DE8}") = "tests", "tests", "{A67E2EA3-C913-48BD-8749-47737436D14E}"
EndProject
Project("{8BC9CEB8-8B4A-11D0-8D11-00A0C91BC942}") = "c_raii_test", "..\..\prj\tests\c_raii_test_vs\c_raii_test.vcxproj", "{FD409CBF-079D-418B-A89C-5F3BA633822F}"
	ProjectSection(ProjectDependencies) = postProject
		{887447C4-8988-4451-9D32-60EE9C5C0E4E} = {887447C4-8988-4451-9D32-60EE9C5C0E4E}
	EndProjectSection
EndProject
Project("{8BC9CEB8-8B4A-11D0-8D11-00A0C91BC942}") = "lhash_test", "..\..\prj\tests\lhash_test_vs\lhash_test.vcxproj", "{20235CB3-A739-4596-88F2-6995D611968A}"
	ProjectSection(ProjectDependencies) = postProject
		{887447C4-8988-4451-9D32-60EE9C5C0E4E} = {887447C4-8988-4451-9D32-60EE9C5C0E4E}
	EndProjectSection
EndProject
Project("{8BC9CEB8-8B4A-11D0-8D11-00A0C91BC942}") = "any_quick_test", "..\..\prj\tests\any_quick_test_vs\any_quick_test.vcxproj", "{F18A2C2C-4E95-4FC1-BF07-346163E322C5}"
	ProjectSection(ProjectDependencies) = postProject
		{887447C4-8988-4451-9D32-60EE9C5C0E4E} = {887447C4-8988-4451-9D32-60EE9C5C0E4E}
	EndProjectSection
EndProject
Project("{8BC9CEB8-8B4A-11D0-8D11-00A0C91BC942}") = "llist_test", "..\..\prj\tests\llist_test_vs\llist_test.vcxproj", "{643696BD-7321-411C-A69E-29805F36A3DC}"
	ProjectSection(ProjectDependencies) = postProject
		{887447C4-8988-4451-9D32-60EE9C5C0E4E} = {887447C4-8988-4451-9D32-60EE9C5C0E4E}
	EndProjectSection
EndProject
Project("{8BC9CEB8-8B4A-11D0-8D11-00A0C91BC942}") = "c_global_initer_test", "..\..\prj\tests\c_global_initer_test_vs\c_global_initer_test.vcxproj", "{E9EF06F9-916B-4D75-8C77-1170DBC1BADE}"
	ProjectSection(ProjectDependencies) = postProject
		{887447C4-8988-4451-9D32-60EE9C5C0E4E} = {887447C4-8988-4451-9D32-60EE9C5C0E4E}
	EndProjectSection
EndProject
Project("{8BC9CEB8-8B4A-11D0-8D11-00A0C91BC942}") = "insert_custom_info_into_bin_test_exe", "..\..\prj\tests\insert_custom_info_into_bin_test_exe_vs\insert_custom_info_into_bin_test_exe.vcxproj", "{C8974B1A-7BBC-4D09-BBAC-E575E5249D9F}"
	ProjectSection(ProjectDependencies) = postProject
		{887447C4-8988-4451-9D32-60EE9C5C0E4E} = {887447C4-8988-4451-9D32-60EE9C5C0E4E}
	EndProjectSection
EndProject
Project("{8BC9CEB8-8B4A-11D0-8D11-00A0C91BC942}") = "insert_custom_info_into_bin_test_lib", "..\..\prj\tests\insert_custom_info_into_bin_test_lib_vs\insert_custom_info_into_bin_test_lib.vcxproj", "{A2065559-B068-4BD5-9A3D-FE6EEAD48E1F}"
	ProjectSection(ProjectDependencies) = postProject
		{887447C4-8988-4451-9D32-60EE9C5C0E4E} = {887447C4-8988-4451-9D32-60EE9C5C0E4E}
	EndProjectSection
EndProject
Project("{8BC9CEB8-8B4A-11D0-8D11-00A0C91BC942}") = "win_function_changer", "..\..\prj\tests\win_function_changer_vs\win_function_changer.vcxproj", "{EA46614F-34AA-458F-8ACF-6C22734081C5}"
EndProject
Project("{8BC9CEB8-8B4A-11D0-8D11-00A0C91BC942}") = "function_changer_test", "..\..\prj\tests\function_changer_test_vs\function_changer_test.vcxproj", "{3794BAEB-F827-4636-B0DA-FA40D1445541}"
EndProject
Project("{2150E333-8FDC-42A3-9474-1A3956D46DE8}") = "core", "core", "{FBEACEE6-0F26-4749-A8F2-0C683D2434BE}"
EndProject
Project("{8BC9CEB8-8B4A-11D0-8D11-00A0C91BC942}") = "windows_ld_preload", "..\..\prj\core\windows_ld_preload_vs\windows_ld_preload.vcxproj", "{92447115-3EEB-47C4-A251-310E122ACD9C}"
EndProject
Project("{8BC9CEB8-8B4A-11D0-8D11-00A0C91BC942}") = "test_lib01", "..\..\prj\tests\test_lib01_vs\test_lib01.vcxproj", "{AAFD3E3C-158A-4356-83A2-2B2E6F146D2E}"
EndProject
Project("{2150E333-8FDC-42A3-9474-1A3956D46DE8}") = "libs", "libs", "{D1F33845-9BD7-47AA-86DE-37DD472C0AD8}"
EndProject
Global
	GlobalSection(SolutionConfigurationPlatforms) = preSolution
		Debug|ARM = Debug|ARM
		Debug|ARM64 = Debug|ARM64
		Debug|x64 = Debug|x64
		Debug|x86 = Debug|x86
		Release|ARM = Release|ARM
		Release|ARM64 = Release|ARM64
		Release|x64 = Release|x64
		Release|x86 = Release|x86
	EndGlobalSection
	GlobalSection(ProjectConfigurationPlatforms) = postSolution
		{887447C4-8988-4451-9D32-60EE9C5C0E4E}.Debug|ARM.ActiveCfg = Debug|ARM
		{887447C4-8988-4451-9D32-60EE9C5C0E4E}.Debug|ARM.Build.0 = Debug|ARM
		{887447C4-8988-4451-9D32-60EE9C5C0E4E}.Debug|ARM64.ActiveCfg = Debug|ARM64
		{887447C4-8988-4451-9D32-60EE9C5C0E4E}.Debug|ARM64.Build.0 = Debug|ARM64
		{887447C4-8988-4451-9D32-60EE9C5C0E4E}.Debug|x64.ActiveCfg = Debug|x64
		{887447C4-8988-4451-9D32-60EE9C5C0E4E}.Debug|x64.Build.0 = Debug|x64
		{887447C4-8988-4451-9D32-60EE9C5C0E4E}.Debug|x86.ActiveCfg = Debug|Win32
		{887447C4-8988-4451-9D32-60EE9C5C0E4E}.Debug|x86.Build.0 = Debug|Win32
		{887447C4-8988-4451-9D32-60EE9C5C0E4E}.Release|ARM.ActiveCfg = Release|ARM
		{887447C4-8988-4451-9D32-60EE9C5C0E4E}.Release|ARM.Build.0 = Release|ARM
		{887447C4-8988-4451-9D32-60EE9C5C0E4E}.Release|ARM64.ActiveCfg = Release|ARM64
		{887447C4-8988-4451-9D32-60EE9C5C0E4E}.Release|ARM64.Build.0 = Release|ARM64
		{887447C4-8988-4451-9D32-60EE9C5C0E4E}.Release|x64.ActiveCfg = Release|x64
		{887447C4-8988-4451-9D32-60EE9C5C0E4E}.Release|x64.Build.0 = Release|x64
		{887447C4-8988-4451-9D32-60EE9C5C0E4E}.Release|x86.ActiveCfg = Release|Win32
		{887447C4-8988-4451-9D32-60EE9C5C0E4E}.Release|x86.Build.0 = Release|Win32
		{FD409CBF-079D-418B-A89C-5F3BA633822F}.Debug|ARM.ActiveCfg = Debug|ARM
		{FD409CBF-079D-418B-A89C-5F3BA633822F}.Debug|ARM.Build.0 = Debug|ARM
		{FD409CBF-079D-418B-A89C-5F3BA633822F}.Debug|ARM64.ActiveCfg = Debug|ARM64
		{FD409CBF-079D-418B-A89C-5F3BA633822F}.Debug|ARM64.Build.0 = Debug|ARM64
		{FD409CBF-079D-418B-A89C-5F3BA633822F}.Debug|x64.ActiveCfg = Debug|x64
		{FD409CBF-079D-418B-A89C-5F3BA633822F}.Debug|x64.Build.0 = Debug|x64
		{FD409CBF-079D-418B-A89C-5F3BA633822F}.Debug|x86.ActiveCfg = Debug|Win32
		{FD409CBF-079D-418B-A89C-5F3BA633822F}.Debug|x86.Build.0 = Debug|Win32
		{FD409CBF-079D-418B-A89C-5F3BA633822F}.Release|ARM.ActiveCfg = Release|ARM
		{FD409CBF-079D-418B-A89C-5F3BA633822F}.Release|ARM.Build.0 = Release|ARM
		{FD409CBF-079D-418B-A89C-5F3BA633822F}.Release|ARM64.ActiveCfg = Release|ARM64
		{FD409CBF-079D-418B-A89C-5F3BA633822F}.Release|ARM64.Build.0 = Release|ARM64
		{FD409CBF-079D-418B-A89C-5F3BA633822F}.Release|x64.ActiveCfg = Release|x64
		{FD409CBF-079D-418B-A89C-5F3BA633822F}.Release|x64.Build.0 = Release|x64
		{FD409CBF-079D-418B-A89C-5F3BA633822F}.Release|x86.ActiveCfg = Release|Win32
		{FD409CBF-079D-418B-A89C-5F3BA633822F}.Release|x86.Build.0 = Release|Win32
		{20235CB3-A739-4596-88F2-6995D611968A}.Debug|ARM.ActiveCfg = Debug|Win32
		{20235CB3-A739-4596-88F2-6995D611968A}.Debug|ARM64.ActiveCfg = Debug|Win32
		{20235CB3-A739-4596-88F2-6995D611968A}.Debug|x64.ActiveCfg = Debug|x64
		{20235CB3-A739-4596-88F2-6995D611968A}.Debug|x64.Build.0 = Debug|x64
		{20235CB3-A739-4596-88F2-6995D611968A}.Debug|x86.ActiveCfg = Debug|Win32
		{20235CB3-A739-4596-88F2-6995D611968A}.Debug|x86.Build.0 = Debug|Win32
		{20235CB3-A739-4596-88F2-6995D611968A}.Release|ARM.ActiveCfg = Release|Win32
		{20235CB3-A739-4596-88F2-6995D611968A}.Release|ARM64.ActiveCfg = Release|Win32
		{20235CB3-A739-4596-88F2-6995D611968A}.Release|x64.ActiveCfg = Release|x64
		{20235CB3-A739-4596-88F2-6995D611968A}.Release|x64.Build.0 = Release|x64
		{20235CB3-A739-4596-88F2-6995D611968A}.Release|x86.ActiveCfg = Release|Win32
		{20235CB3-A739-4596-88F2-6995D611968A}.Release|x86.Build.0 = Release|Win32
		{F18A2C2C-4E95-4FC1-BF07-346163E322C5}.Debug|ARM.ActiveCfg = Debug|ARM
		{F18A2C2C-4E95-4FC1-BF07-346163E322C5}.Debug|ARM.Build.0 = Debug|ARM
		{F18A2C2C-4E95-4FC1-BF07-346163E322C5}.Debug|ARM64.ActiveCfg = Debug|ARM64
		{F18A2C2C-4E95-4FC1-BF07-346163E322C5}.Debug|ARM64.Build.0 = Debug|ARM64
		{F18A2C2C-4E95-4FC1-BF07-346163E322C5}.Debug|x64.ActiveCfg = Debug|x64
		{F18A2C2C-4E95-4FC1-BF07-346163E322C5}.Debug|x64.Build.0 = Debug|x64
		{F18A2C2C-4E95-4FC1-BF07-346163E322C5}.Debug|x86.ActiveCfg = Debug|Win32
		{F18A2C2C-4E95-4FC1-BF07-346163E322C5}.Debug|x86.Build.0 = Debug|Win32
		{F18A2C2C-4E95-4FC1-BF07-346163E322C5}.Release|ARM.ActiveCfg = Release|ARM
		{F18A2C2C-4E95-4FC1-BF07-346163E322C5}.Release|ARM.Build.0 = Release|ARM
		{F18A2C2C-4E95-4FC1-BF07-346163E322C5}.Release|ARM64.ActiveCfg = Release|ARM64
		{F18A2C2C-4E95-4FC1-BF07-346163E322C5}.Release|ARM64.Build.0 = Release|ARM64
		{F18A2C2C-4E95-4FC1-BF07-346163E322C5}.Release|x64.ActiveCfg = Release|x64
		{F18A2C2C-4E95-4FC1-BF07-346163E322C5}.Release|x64.Build.0 = Release|x64
		{F18A2C2C-4E95-4FC1-BF07-346163E322C5}.Release|x86.ActiveCfg = Release|Win32
		{F18A2C2C-4E95-4FC1-BF07-346163E322C5}.Release|x86.Build.0 = Release|Win32
		{643696BD-7321-411C-A69E-29805F36A3DC}.Debug|ARM.ActiveCfg = Debug|ARM
		{643696BD-7321-411C-A69E-29805F36A3DC}.Debug|ARM.Build.0 = Debug|ARM
		{643696BD-7321-411C-A69E-29805F36A3DC}.Debug|ARM64.ActiveCfg = Debug|ARM64
		{643696BD-7321-411C-A69E-29805F36A3DC}.Debug|ARM64.Build.0 = Debug|ARM64
		{643696BD-7321-411C-A69E-29805F36A3DC}.Debug|x64.ActiveCfg = Debug|x64
		{643696BD-7321-411C-A69E-29805F36A3DC}.Debug|x64.Build.0 = Debug|x64
		{643696BD-7321-411C-A69E-29805F36A3DC}.Debug|x86.ActiveCfg = Debug|Win32
		{643696BD-7321-411C-A69E-29805F36A3DC}.Debug|x86.Build.0 = Debug|Win32
		{643696BD-7321-411C-A69E-29805F36A3DC}.Release|ARM.ActiveCfg = Release|ARM
		{643696BD-7321-411C-A69E-29805F36A3DC}.Release|ARM.Build.0 = Release|ARM
		{643696BD-7321-411C-A69E-29805F36A3DC}.Release|ARM64.ActiveCfg = Release|ARM64
		{643696BD-7321-411C-A69E-29805F36A3DC}.Release|ARM64.Build.0 = Release|ARM64
		{643696BD-7321-411C-A69E-29805F36A3DC}.Release|x64.ActiveCfg = Release|x64
		{643696BD-7321-411C-A69E-29805F36A3DC}.Release|x64.Build.0 = Release|x64
		{643696BD-7321-411C-A69E-29805F36A3DC}.Release|x86.ActiveCfg = Release|Win32
		{643696BD-7321-411C-A69E-29805F36A3DC}.Release|x86.Build.0 = Release|Win32
		{E9EF06F9-916B-4D75-8C77-1170DBC1BADE}.Debug|ARM.ActiveCfg = Debug|ARM
		{E9EF06F9-916B-4D75-8C77-1170DBC1BADE}.Debug|ARM.Build.0 = Debug|ARM
		{E9EF06F9-916B-4D75-8C77-1170DBC1BADE}.Debug|ARM64.ActiveCfg = Debug|ARM64
		{E9EF06F9-916B-4D75-8C77-1170DBC1BADE}.Debug|ARM64.Build.0 = Debug|ARM64
		{E9EF06F9-916B-4D75-8C77-1170DBC1BADE}.Debug|x64.ActiveCfg = Debug|x64
		{E9EF06F9-916B-4D75-8C77-1170DBC1BADE}.Debug|x64.Build.0 = Debug|x64
		{E9EF06F9-916B-4D75-8C77-1170DBC1BADE}.Debug|x86.ActiveCfg = Debug|Win32
		{E9EF06F9-916B-4D75-8C77-1170DBC1BADE}.Debug|x86.Build.0 = Debug|Win32
		{E9EF06F9-916B-4D75-8C77-1170DBC1BADE}.Release|ARM.ActiveCfg = Release|ARM
		{E9EF06F9-916B-4D75-8C77-1170DBC1BADE}.Release|ARM.Build.0 = Release|ARM
		{E9EF06F9-916B-4D75-8C77-1170DBC1BADE}.Release|ARM64.ActiveCfg = Release|ARM64
		{E9EF06F9-916B-4D75-8C77-1170DBC1BADE}.Release|ARM64.Build.0 = Release|ARM64
		{E9EF06F9-916B-4D75-8C77-1170DBC1BADE}.Release|x64.ActiveCfg = Release|x64
		{E9EF06F9-916B-4D75-8C77-1170DBC1BADE}.Release|x64.Build.0 = Release|x64
		{E9EF06F9-916B-4D75-8C77-1170DBC1BADE}.Release|x86.ActiveCfg = Release|Win32
		{E9EF06F9-916B-4D75-8C77-1170DBC1BADE}.Release|x86.Build.0 = Release|Win32
		{C8974B1A-7BBC-4D09-BBAC-E575E5249D9F}.Debug|ARM.ActiveCfg = Debug|ARM
		{C8974B1A-7BBC-4D09-BBAC-E575E5249D9F}.Debug|ARM.Build.0 = Debug|ARM
		{C8974B1A-7BBC-4D09-BBAC-E575E5249D9F}.Debug|ARM64.ActiveCfg = Debug|ARM64
		{C8974B1A-7BBC-4D09-BBAC-E575E5249D9F}.Debug|ARM64.Build.0 = Debug|ARM64
		{C8974B1A-7BBC-4D09-BBAC-E575E5249D9F}.Debug|x64.ActiveCfg = Debug|x64
		{C8974B1A-7BBC-4D09-BBAC-E575E5249D9F}.Debug|x64.Build.0 = Debug|x64
		{C8974B1A-7BBC-4D09-BBAC-E575E5249D9F}.Debug|x86.ActiveCfg = Debug|Win32
		{C8974B1A-7BBC-4D09-BBAC-E575E5249D9F}.Debug|x86.Build.0 = Debug|Win32
		{C8974B1A-7BBC-4D09-BBAC-E575E5249D9F}.Release|ARM.ActiveCfg = Release|ARM
		{C8974B1A-7BBC-4D09-BBAC-E575E5249D9F}.Release|ARM.Build.0 = Release|ARM
		{C8974B1A-7BBC-4D09-BBAC-E575E5249D9F}.Release|ARM64.ActiveCfg = Release|ARM64
		{C8974B1A-7BBC-4D09-BBAC-E575E5249D9F}.Release|ARM64.Build.0 = Release|ARM64
		{C8974B1A-7BBC-4D09-BBAC-E575E5249D9F}.Release|x64.ActiveCfg = Release|x64
		{C8974B1A-7BBC-4D09-BBAC-E575E5249D9F}.Release|x64.Build.0 = Release|x64
		{C8974B1A-7BBC-4D09-BBAC-E575E5249D9F}.Release|x86.ActiveCfg = Release|Win32
		{C8974B1A-7BBC-4D09-BBAC-E575E5249D9F}.Release|x86.Build.0 = Release|Win32
		{A2065559-B068-4BD5-9A3D-FE6EEAD48E1F}.Debug|ARM.ActiveCfg = Debug|ARM
		{A2065559-B068-4BD5-9A3D-FE6EEAD48E1F}.Debug|ARM.Build.0 = Debug|ARM
		{A2065559-B068-4BD5-9A3D-FE6EEAD48E1F}.Debug|ARM64.ActiveCfg = Debug|ARM64
		{A2065559-B068-4BD5-9A3D-FE6EEAD48E1F}.Debug|ARM64.Build.0 = Debug|ARM64
		{A2065559-B068-4BD5-9A3D-FE6EEAD48E1F}.Debug|x64.ActiveCfg = Debug|x64
		{A2065559-B068-4BD5-9A3D-FE6EEAD48E1F}.Debug|x64.Build.0 = Debug|x64
		{A2065559-B068-4BD5-9A3D-FE6EEAD48E1F}.Debug|x86.ActiveCfg = Debug|Win32
		{A2065559-B068-4BD5-9A3D-FE6EEAD48E1F}.Debug|x86.Build.0 = Debug|Win32
		{A2065559-B068-4BD5-9A3D-FE6EEAD48E1F}.Release|ARM.ActiveCfg = Release|ARM
		{A2065559-B068-4BD5-9A3D-FE6EEAD48E1F}.Release|ARM.Build.0 = Release|ARM
		{A2065559-B068-4BD5-9A3D-FE6EEAD48E1F}.Release|ARM64.ActiveCfg = Release|ARM64
		{A2065559-B068-4BD5-9A3D-FE6EEAD48E1F}.Release|ARM64.Build.0 = Release|ARM64
		{A2065559-B068-4BD5-9A3D-FE6EEAD48E1F}.Release|x64.ActiveCfg = Release|x64
		{A2065559-B068-4BD5-9A3D-FE6EEAD48E1F}.Release|x64.Build.0 = Release|x64
		{A2065559-B068-4BD5-9A3D-FE6EEAD48E1F}.Release|x86.ActiveCfg = Release|Win32
		{A2065559-B068-4BD5-9A3D-FE6EEAD48E1F}.Release|x86.Build.0 = Release|Win32
		{EA46614F-34AA-458F-8ACF-6C22734081C5}.Debug|ARM.ActiveCfg = Debug|ARM
		{EA46614F-34AA-458F-8ACF-6C22734081C5}.Debug|ARM.Build.0 = Debug|ARM
		{EA46614F-34AA-458F-8ACF-6C22734081C5}.Debug|ARM64.ActiveCfg = Debug|ARM64
		{EA46614F-34AA-458F-8ACF-6C22734081C5}.Debug|ARM64.Build.0 = Debug|ARM64
		{EA46614F-34AA-458F-8ACF-6C22734081C5}.Debug|x64.ActiveCfg = Debug|x64
		{EA46614F-34AA-458F-8ACF-6C22734081C5}.Debug|x64.Build.0 = Debug|x64
		{EA46614F-34AA-458F-8ACF-6C22734081C5}.Debug|x86.ActiveCfg = Debug|Win32
		{EA46614F-34AA-458F-8ACF-6C22734081C5}.Debug|x86.Build.0 = Debug|Win32
		{EA46614F-34AA-458F-8ACF-6C22734081C5}.Release|ARM.ActiveCfg = Release|ARM
		{EA46614F-34AA-458F-8ACF-6C22734081C5}.Release|ARM.Build.0 = Release|ARM
		{EA46614F-34AA-458F-8ACF-6C22734081C5}.Release|ARM64.ActiveCfg = Release|ARM64
		{EA46614F-34AA-458F-8ACF-6C22734081C5}.Release|ARM64.Build.0 = Release|ARM64
		{EA46614F-34AA-458F-8ACF-6C22734081C5}.Release|x64.ActiveCfg = Release|x64
		{EA46614F-34AA-458F-8ACF-6C22734081C5}.Release|x64.Build.0 = Release|x64
		{EA46614F-34AA-458F-8ACF-6C22734081C5}.Release|x86.ActiveCfg = Release|Win32
		{EA46614F-34AA-458F-8ACF-6C22734081C5}.Release|x86.Build.0 = Release|Win32
		{3794BAEB-F827-4636-B0DA-FA40D1445541}.Debug|ARM.ActiveCfg = Debug|ARM
		{3794BAEB-F827-4636-B0DA-FA40D1445541}.Debug|ARM.Build.0 = Debug|ARM
		{3794BAEB-F827-4636-B0DA-FA40D1445541}.Debug|ARM64.ActiveCfg = Debug|ARM64
		{3794BAEB-F827-4636-B0DA-FA40D1445541}.Debug|ARM64.Build.0 = Debug|ARM64
		{3794BAEB-F827-4636-B0DA-FA40D1445541}.Debug|x64.ActiveCfg = Debug|x64
		{3794BAEB-F827-4636-B0DA-FA40D1445541}.Debug|x64.Build.0 = Debug|x64
		{3794BAEB-F827-4636-B0DA-FA40D1445541}.Debug|x86.ActiveCfg = Debug|Win32
		{3794BAEB-F827-4636-B0DA-FA40D1445541}.Debug|x86.Build.0 = Debug|Win32
		{3794BAEB-F827-4636-B0DA-FA40D1445541}.Release|ARM.ActiveCfg = Release|ARM
		{3794BAEB-F827-4636-B0DA-FA40D1445541}.Release|ARM.Build.0 = Release|ARM
		{3794BAEB-F827-4636-B0DA-FA40D1445541}.Release|ARM64.ActiveCfg = Release|ARM64
		{3794BAEB-F827-4636-B0DA-FA40D1445541}.Release|ARM64.Build.0 = Release|ARM64
		{3794BAEB-F827-4636-B0DA-FA40D1445541}.Release|x64.ActiveCfg = Release|x64
		{3794BAEB-F827-4636-B0DA-FA40D1445541}.Release|x64.Build.0 = Release|x64
		{3794BAEB-F827-4636-B0DA-FA40D1445541}.Release|x86.ActiveCfg = Release|Win32
		{3794BAEB-F827-4636-B0DA-FA40D1445541}.Release|x86.Build.0 = Release|Win32
		{92447115-3EEB-47C4-A251-310E122ACD9C}.Debug|ARM.ActiveCfg = Debug|ARM
		{92447115-3EEB-47C4-A251-310E122ACD9C}.Debug|ARM.Build.0 = Debug|ARM
		{92447115-3EEB-47C4-A251-310E122ACD9C}.Debug|ARM64.ActiveCfg = Debug|ARM64
		{92447115-3EEB-47C4-A251-310E122ACD9C}.Debug|ARM64.Build.0 = Debug|ARM64
		{92447115-3EEB-47C4-A251-310E122ACD9C}.Debug|x64.ActiveCfg = Debug|x64
		{92447115-3EEB-47C4-A251-310E122ACD9C}.Debug|x64.Build.0 = Debug|x64
		{92447115-3EEB-47C4-A251-310E122ACD9C}.Debug|x86.ActiveCfg = Debug|Win32
		{92447115-3EEB-47C4-A251-310E122ACD9C}.Debug|x86.Build.0 = Debug|Win32
		{92447115-3EEB-47C4-A251-310E122ACD9C}.Release|ARM.ActiveCfg = Release|ARM
		{92447115-3EEB-47C4-A251-310E122ACD9C}.Release|ARM.Build.0 = Release|ARM
		{92447115-3EEB-47C4-A251-310E122ACD9C}.Release|ARM64.ActiveCfg = Release|ARM64
		{92447115-3EEB-47C4-A251-310E122ACD9C}.Release|ARM64.Build.0 = Release|ARM64
		{92447115-3EEB-47C4-A251-310E122ACD9C}.Release|x64.ActiveCfg = Release|x64
		{92447115-3EEB-47C4-A251-310E122ACD9C}.Release|x64.Build.0 = Release|x64
		{92447115-3EEB-47C4-A251-310E122ACD9C}.Release|x86.ActiveCfg = Release|Win32
		{92447115-3EEB-47C4-A251-310E122ACD9C}.Release|x86.Build.0 = Release|Win32
		{AAFD3E3C-158A-4356-83A2-2B2E6F146D2E}.Debug|ARM.ActiveCfg = Debug|ARM
		{AAFD3E3C-158A-4356-83A2-2B2E6F146D2E}.Debug|ARM.Build.0 = Debug|ARM
		{AAFD3E3C-158A-4356-83A2-2B2E6F146D2E}.Debug|ARM64.ActiveCfg = Debug|ARM64
		{AAFD3E3C-158A-4356-83A2-2B2E6F146D2E}.Debug|ARM64.Build.0 = Debug|ARM64
		{AAFD3E3C-158A-4356-83A2-2B2E6F146D2E}.Debug|x64.ActiveCfg = Debug|x64
		{AAFD3E3C-158A-4356-83A2-2B2E6F146D2E}.Debug|x64.Build.0 = Debug|x64
		{AAFD3E3C-158A-4356-83A2-2B2E6F146D2E}.Debug|x86.ActiveCfg = Debug|Win32
		{AAFD3E3C-158A-4356-83A2-2B2E6F146D2E}.Debug|x86.Build.0 = Debug|Win32
		{AAFD3E3C-158A-4356-83A2-2B2E6F146D2E}.Release|ARM.ActiveCfg = Release|ARM
		{AAFD3E3C-158A-4356-83A2-2B2E6F146D2E}.Release|ARM.Build.0 = Release|ARM
		{AAFD3E3C-158A-4356-83A2-2B2E6F146D2E}.Release|ARM64.ActiveCfg = Release|ARM64
		{AAFD3E3C-158A-4356-83A2-2B2E6F146D2E}.Release|ARM64.Build.0 = Release|ARM64
		{AAFD3E3C-158A-4356-83A2-2B2E6F146D2E}.Release|x64.ActiveCfg = Release|x64
		{AAFD3E3C-158A-4356-83A2-2B2E6F146D2E}.Release|x64.Build.0 = Release|x64
		{AAFD3E3C-158A-4356-83A2-2B2E6F146D2E}.Release|x86.ActiveCfg = Release|Win32
		{AAFD3E3C-158A-4356-83A2-2B2E6F146D2E}.Release|x86.Build.0 = Release|Win32
	EndGlobalSection
	GlobalSection(SolutionProperties) = preSolution
		HideSolutionNode = FALSE
	EndGlobalSection
	GlobalSection(NestedProjects) = preSolution
		{A67E2EA3-C913-48BD-8749-47737436D14E} = {76DA060C-CAE9-448B-9BA4-A49ABEA5763F}
		{FD409CBF-079D-418B-A89C-5F3BA633822F} = {A67E2EA3-C913-48BD-8749-47737436D14E}
		{20235CB3-A739-4596-88F2-6995D611968A} = {A67E2EA3-C913-48BD-8749-47737436D14E}
		{F18A2C2C-4E95-4FC1-BF07-346163E322C5} = {A67E2EA3-C913-48BD-8749-47737436D14E}
		{643696BD-7321-411C-A69E-29805F36A3DC} = {A67E2EA3-C913-48BD-8749-47737436D14E}
		{E9EF06F9-916B-4D75-8C77-1170DBC1BADE} = {A67E2EA3-C913-48BD-8749-47737436D14E}
		{C8974B1A-7BBC-4D09-BBAC-E575E5249D9F} = {A67E2EA3-C913-48BD-8749-47737436D14E}
		{A2065559-B068-4BD5-9A3D-FE6EEAD48E1F} = {A67E2EA3-C913-48BD-8749-47737436D14E}
		{EA46614F-34AA-458F-8ACF-6C22734081C5} = {A67E2EA3-C913-48BD-8749-47737436D14E}
		{3794BAEB-F827-4636-B0DA-FA40D1445541} = {A67E2EA3-C913-48BD-8749-47737436D14E}
		{FBEACEE6-0F26-4749-A8F2-0C683D2434BE} = {76DA060C-CAE9-448B-9BA4-A49ABEA5763F}
		{92447115-3EEB-47C4-A251-310E122ACD9C} = {FBEACEE6-0F26-4749-A8F2-0C683D2434BE}
		{AAFD3E3C-158A-4356-83A2-2B2E6F146D2E} = {D1F33845-9BD7-47AA-86DE-37DD472C0AD8}
		{D1F33845-9BD7-47AA-86DE-37DD472C0AD8} = {A67E2EA3-C913-48BD-8749-47737436D14E}
	EndGlobalSection
	GlobalSection(ExtensibilityGlobals) = postSolution
		SolutionGuid = {88068648-8FEA-4B04-ADBE-8FB52F1EC032}
	EndGlobalSection
EndGlobal
