
Microsoft Visual Studio Solution File, Format Version 12.00
# Visual Studio Version 16
VisualStudioVersion = 16.0.33214.272
MinimumVisualStudioVersion = 10.0.40219.1
Project("{8BC9CEB8-8B4A-11D0-8D11-00A0C91BC942}") = "cutils_all", "cutils_all.vcxproj", "{887447C4-8988-4451-9D32-60EE9C5C0E4E}"
EndProject
Project("{2150E333-8FDC-42A3-9474-1A3956D46DE8}") = "projects", "projects", "{76DA060C-CAE9-448B-9BA4-A49ABEA5763F}"
EndProject
Project("{2150E333-8FDC-42A3-9474-1A3956D46DE8}") = "tests", "tests", "{A67E2EA3-C913-48BD-8749-47737436D14E}"
EndProject
Project("{8BC9CEB8-8B4A-11D0-8D11-00A0C91BC942}") = "lhash_test", "..\..\prj\tests\lhash_test_vs\lhash_test.vcxproj", "{20235CB3-A739-4596-88F2-6995D611968A}"
	ProjectSection(ProjectDependencies) = postProject
		{887447C4-8988-4451-9D32-60EE9C5C0E4E} = {887447C4-8988-4451-9D32-60EE9C5C0E4E}
	EndProjectSection
EndProject
Project("{8BC9CEB8-8B4A-11D0-8D11-00A0C91BC942}") = "any_quick_test", "..\..\prj\tests\any_quick_test_vs\any_quick_test.vcxproj", "{F18A2C2C-4E95-4FC1-BF07-346163E322C5}"
	ProjectSection(ProjectDependencies) = postProject
		{887447C4-8988-4451-9D32-60EE9C5C0E4E} = {887447C4-8988-4451-9D32-60EE9C5C0E4E}
	EndProjectSection
EndProject
Project("{8BC9CEB8-8B4A-11D0-8D11-00A0C91BC942}") = "llist_test", "..\..\prj\tests\llist_test_vs\llist_test.vcxproj", "{643696BD-7321-411C-A69E-29805F36A3DC}"
	ProjectSection(ProjectDependencies) = postProject
		{887447C4-8988-4451-9D32-60EE9C5C0E4E} = {887447C4-8988-4451-9D32-60EE9C5C0E4E}
	EndProjectSection
EndProject
Project("{8BC9CEB8-8B4A-11D0-8D11-00A0C91BC942}") = "win_function_changer", "..\..\prj\tests\win_function_changer_vs\win_function_changer.vcxproj", "{EA46614F-34AA-458F-8ACF-6C22734081C5}"
	ProjectSection(ProjectDependencies) = postProject
		{887447C4-8988-4451-9D32-60EE9C5C0E4E} = {887447C4-8988-4451-9D32-60EE9C5C0E4E}
	EndProjectSection
EndProject
Project("{8BC9CEB8-8B4A-11D0-8D11-00A0C91BC942}") = "function_changer_test", "..\..\prj\tests\function_changer_test_vs\function_changer_test.vcxproj", "{3794BAEB-F827-4636-B0DA-FA40D1445541}"
	ProjectSection(ProjectDependencies) = postProject
		{887447C4-8988-4451-9D32-60EE9C5C0E4E} = {887447C4-8988-4451-9D32-60EE9C5C0E4E}
	EndProjectSection
EndProject
Project("{2150E333-8FDC-42A3-9474-1A3956D46DE8}") = "tools", "tools", "{FBEACEE6-0F26-4749-A8F2-0C683D2434BE}"
EndProject
Project("{8BC9CEB8-8B4A-11D0-8D11-00A0C91BC942}") = "test_lib01", "..\..\prj\tests\test_lib01_vs\test_lib01.vcxproj", "{AAFD3E3C-158A-4356-83A2-2B2E6F146D2E}"
	ProjectSection(ProjectDependencies) = postProject
		{887447C4-8988-4451-9D32-60EE9C5C0E4E} = {887447C4-8988-4451-9D32-60EE9C5C0E4E}
	EndProjectSection
EndProject
Project("{2150E333-8FDC-42A3-9474-1A3956D46DE8}") = "libs", "libs", "{D1F33845-9BD7-47AA-86DE-37DD472C0AD8}"
EndProject
Project("{8BC9CEB8-8B4A-11D0-8D11-00A0C91BC942}") = "app_to_hack", "..\..\prj\tests\app_to_hack_vs\app_to_hack.vcxproj", "{36BE6FE6-291D-48BB-99E4-D0096EB1A126}"
	ProjectSection(ProjectDependencies) = postProject
		{887447C4-8988-4451-9D32-60EE9C5C0E4E} = {887447C4-8988-4451-9D32-60EE9C5C0E4E}
	EndProjectSection
EndProject
Project("{8BC9CEB8-8B4A-11D0-8D11-00A0C91BC942}") = "windows_ld_preload", "..\..\prj\tools\windows_ld_preload_vs\windows_ld_preload.vcxproj", "{92447115-3EEB-47C4-A251-310E122ACD9C}"
	ProjectSection(ProjectDependencies) = postProject
		{887447C4-8988-4451-9D32-60EE9C5C0E4E} = {887447C4-8988-4451-9D32-60EE9C5C0E4E}
	EndProjectSection
EndProject
Project("{8BC9CEB8-8B4A-11D0-8D11-00A0C91BC942}") = "free_libs_by_names_on_remote_proc", "..\..\prj\tools\free_libs_by_names_on_remote_proc_vs\free_libs_by_names_on_remote_proc.vcxproj", "{5871817E-31F4-4487-AFCA-4042E821D432}"
	ProjectSection(ProjectDependencies) = postProject
		{887447C4-8988-4451-9D32-60EE9C5C0E4E} = {887447C4-8988-4451-9D32-60EE9C5C0E4E}
	EndProjectSection
EndProject
Project("{8BC9CEB8-8B4A-11D0-8D11-00A0C91BC942}") = "ld_postload", "..\..\prj\tools\ld_postload_vs\ld_postload.vcxproj", "{DC0421A2-4C92-4071-AC15-28ACCCB3C190}"
EndProject
Project("{8BC9CEB8-8B4A-11D0-8D11-00A0C91BC942}") = "freelib_on_remote_proc_by_handle", "..\..\prj\tools\freelib_on_remote_proc_by_handle_vs\freelib_on_remote_proc_by_handle.vcxproj", "{2FE2D539-F2A0-4F52-90BF-FE0617870AFD}"
	ProjectSection(ProjectDependencies) = postProject
		{887447C4-8988-4451-9D32-60EE9C5C0E4E} = {887447C4-8988-4451-9D32-60EE9C5C0E4E}
	EndProjectSection
EndProject
Project("{8BC9CEB8-8B4A-11D0-8D11-00A0C91BC942}") = "unit_test_test", "..\..\prj\tests\unit_test_test_mult\unit_test_test.vcxproj", "{42B66511-8A8D-43B6-A53C-DB9D790DBBBB}"
EndProject
Global
	GlobalSection(SolutionConfigurationPlatforms) = preSolution
		Debug|ARM = Debug|ARM
		Debug|ARM64 = Debug|ARM64
		Debug|x64 = Debug|x64
		Debug|x86 = Debug|x86
		Release|ARM = Release|ARM
		Release|ARM64 = Release|ARM64
		Release|x64 = Release|x64
		Release|x86 = Release|x86
	EndGlobalSection
	GlobalSection(ProjectConfigurationPlatforms) = postSolution
		{887447C4-8988-4451-9D32-60EE9C5C0E4E}.Debug|ARM.ActiveCfg = Debug|ARM
		{887447C4-8988-4451-9D32-60EE9C5C0E4E}.Debug|ARM.Build.0 = Debug|ARM
		{887447C4-8988-4451-9D32-60EE9C5C0E4E}.Debug|ARM64.ActiveCfg = Debug|ARM64
		{887447C4-8988-4451-9D32-60EE9C5C0E4E}.Debug|ARM64.Build.0 = Debug|ARM64
		{887447C4-8988-4451-9D32-60EE9C5C0E4E}.Debug|x64.ActiveCfg = Debug|x64
		{887447C4-8988-4451-9D32-60EE9C5C0E4E}.Debug|x64.Build.0 = Debug|x64
		{887447C4-8988-4451-9D32-60EE9C5C0E4E}.Debug|x86.ActiveCfg = Debug|Win32
		{887447C4-8988-4451-9D32-60EE9C5C0E4E}.Debug|x86.Build.0 = Debug|Win32
		{887447C4-8988-4451-9D32-60EE9C5C0E4E}.Release|ARM.ActiveCfg = Release|ARM
		{887447C4-8988-4451-9D32-60EE9C5C0E4E}.Release|ARM.Build.0 = Release|ARM
		{887447C4-8988-4451-9D32-60EE9C5C0E4E}.Release|ARM64.ActiveCfg = Release|ARM64
		{887447C4-8988-4451-9D32-60EE9C5C0E4E}.Release|ARM64.Build.0 = Release|ARM64
		{887447C4-8988-4451-9D32-60EE9C5C0E4E}.Release|x64.ActiveCfg = Release|x64
		{887447C4-8988-4451-9D32-60EE9C5C0E4E}.Release|x64.Build.0 = Release|x64
		{887447C4-8988-4451-9D32-60EE9C5C0E4E}.Release|x86.ActiveCfg = Release|Win32
		{887447C4-8988-4451-9D32-60EE9C5C0E4E}.Release|x86.Build.0 = Release|Win32
		{20235CB3-A739-4596-88F2-6995D611968A}.Debug|ARM.ActiveCfg = Debug|ARM
		{20235CB3-A739-4596-88F2-6995D611968A}.Debug|ARM.Build.0 = Debug|ARM
		{20235CB3-A739-4596-88F2-6995D611968A}.Debug|ARM64.ActiveCfg = Debug|ARM64
		{20235CB3-A739-4596-88F2-6995D611968A}.Debug|ARM64.Build.0 = Debug|ARM64
		{20235CB3-A739-4596-88F2-6995D611968A}.Debug|x64.ActiveCfg = Debug|x64
		{20235CB3-A739-4596-88F2-6995D611968A}.Debug|x64.Build.0 = Debug|x64
		{20235CB3-A739-4596-88F2-6995D611968A}.Debug|x86.ActiveCfg = Debug|Win32
		{20235CB3-A739-4596-88F2-6995D611968A}.Debug|x86.Build.0 = Debug|Win32
		{20235CB3-A739-4596-88F2-6995D611968A}.Release|ARM.ActiveCfg = Release|ARM
		{20235CB3-A739-4596-88F2-6995D611968A}.Release|ARM.Build.0 = Release|ARM
		{20235CB3-A739-4596-88F2-6995D611968A}.Release|ARM64.ActiveCfg = Release|ARM64
		{20235CB3-A739-4596-88F2-6995D611968A}.Release|ARM64.Build.0 = Release|ARM64
		{20235CB3-A739-4596-88F2-6995D611968A}.Release|x64.ActiveCfg = Release|x64
		{20235CB3-A739-4596-88F2-6995D611968A}.Release|x64.Build.0 = Release|x64
		{20235CB3-A739-4596-88F2-6995D611968A}.Release|x86.ActiveCfg = Release|Win32
		{20235CB3-A739-4596-88F2-6995D611968A}.Release|x86.Build.0 = Release|Win32
		{F18A2C2C-4E95-4FC1-BF07-346163E322C5}.Debug|ARM.ActiveCfg = Debug|ARM
		{F18A2C2C-4E95-4FC1-BF07-346163E322C5}.Debug|ARM.Build.0 = Debug|ARM
		{F18A2C2C-4E95-4FC1-BF07-346163E322C5}.Debug|ARM64.ActiveCfg = Debug|ARM64
		{F18A2C2C-4E95-4FC1-BF07-346163E322C5}.Debug|ARM64.Build.0 = Debug|ARM64
		{F18A2C2C-4E95-4FC1-BF07-346163E322C5}.Debug|x64.ActiveCfg = Debug|x64
		{F18A2C2C-4E95-4FC1-BF07-346163E322C5}.Debug|x64.Build.0 = Debug|x64
		{F18A2C2C-4E95-4FC1-BF07-346163E322C5}.Debug|x86.ActiveCfg = Debug|Win32
		{F18A2C2C-4E95-4FC1-BF07-346163E322C5}.Debug|x86.Build.0 = Debug|Win32
		{F18A2C2C-4E95-4FC1-BF07-346163E322C5}.Release|ARM.ActiveCfg = Release|ARM
		{F18A2C2C-4E95-4FC1-BF07-346163E322C5}.Release|ARM.Build.0 = Release|ARM
		{F18A2C2C-4E95-4FC1-BF07-346163E322C5}.Release|ARM64.ActiveCfg = Release|ARM64
		{F18A2C2C-4E95-4FC1-BF07-346163E322C5}.Release|ARM64.Build.0 = Release|ARM64
		{F18A2C2C-4E95-4FC1-BF07-346163E322C5}.Release|x64.ActiveCfg = Release|x64
		{F18A2C2C-4E95-4FC1-BF07-346163E322C5}.Release|x64.Build.0 = Release|x64
		{F18A2C2C-4E95-4FC1-BF07-346163E322C5}.Release|x86.ActiveCfg = Release|Win32
		{F18A2C2C-4E95-4FC1-BF07-346163E322C5}.Release|x86.Build.0 = Release|Win32
		{643696BD-7321-411C-A69E-29805F36A3DC}.Debug|ARM.ActiveCfg = Debug|ARM
		{643696BD-7321-411C-A69E-29805F36A3DC}.Debug|ARM.Build.0 = Debug|ARM
		{643696BD-7321-411C-A69E-29805F36A3DC}.Debug|ARM64.ActiveCfg = Debug|ARM64
		{643696BD-7321-411C-A69E-29805F36A3DC}.Debug|ARM64.Build.0 = Debug|ARM64
		{643696BD-7321-411C-A69E-29805F36A3DC}.Debug|x64.ActiveCfg = Debug|x64
		{643696BD-7321-411C-A69E-29805F36A3DC}.Debug|x64.Build.0 = Debug|x64
		{643696BD-7321-411C-A69E-29805F36A3DC}.Debug|x86.ActiveCfg = Debug|Win32
		{643696BD-7321-411C-A69E-29805F36A3DC}.Debug|x86.Build.0 = Debug|Win32
		{643696BD-7321-411C-A69E-29805F36A3DC}.Release|ARM.ActiveCfg = Release|ARM
		{643696BD-7321-411C-A69E-29805F36A3DC}.Release|ARM.Build.0 = Release|ARM
		{643696BD-7321-411C-A69E-29805F36A3DC}.Release|ARM64.ActiveCfg = Release|ARM64
		{643696BD-7321-411C-A69E-29805F36A3DC}.Release|ARM64.Build.0 = Release|ARM64
		{643696BD-7321-411C-A69E-29805F36A3DC}.Release|x64.ActiveCfg = Release|x64
		{643696BD-7321-411C-A69E-29805F36A3DC}.Release|x64.Build.0 = Release|x64
		{643696BD-7321-411C-A69E-29805F36A3DC}.Release|x86.ActiveCfg = Release|Win32
		{643696BD-7321-411C-A69E-29805F36A3DC}.Release|x86.Build.0 = Release|Win32
		{EA46614F-34AA-458F-8ACF-6C22734081C5}.Debug|ARM.ActiveCfg = Debug|ARM
		{EA46614F-34AA-458F-8ACF-6C22734081C5}.Debug|ARM.Build.0 = Debug|ARM
		{EA46614F-34AA-458F-8ACF-6C22734081C5}.Debug|ARM64.ActiveCfg = Debug|ARM64
		{EA46614F-34AA-458F-8ACF-6C22734081C5}.Debug|ARM64.Build.0 = Debug|ARM64
		{EA46614F-34AA-458F-8ACF-6C22734081C5}.Debug|x64.ActiveCfg = Debug|x64
		{EA46614F-34AA-458F-8ACF-6C22734081C5}.Debug|x64.Build.0 = Debug|x64
		{EA46614F-34AA-458F-8ACF-6C22734081C5}.Debug|x86.ActiveCfg = Debug|Win32
		{EA46614F-34AA-458F-8ACF-6C22734081C5}.Debug|x86.Build.0 = Debug|Win32
		{EA46614F-34AA-458F-8ACF-6C22734081C5}.Release|ARM.ActiveCfg = Release|ARM
		{EA46614F-34AA-458F-8ACF-6C22734081C5}.Release|ARM.Build.0 = Release|ARM
		{EA46614F-34AA-458F-8ACF-6C22734081C5}.Release|ARM64.ActiveCfg = Release|ARM64
		{EA46614F-34AA-458F-8ACF-6C22734081C5}.Release|ARM64.Build.0 = Release|ARM64
		{EA46614F-34AA-458F-8ACF-6C22734081C5}.Release|x64.ActiveCfg = Release|x64
		{EA46614F-34AA-458F-8ACF-6C22734081C5}.Release|x64.Build.0 = Release|x64
		{EA46614F-34AA-458F-8ACF-6C22734081C5}.Release|x86.ActiveCfg = Release|Win32
		{EA46614F-34AA-458F-8ACF-6C22734081C5}.Release|x86.Build.0 = Release|Win32
		{3794BAEB-F827-4636-B0DA-FA40D1445541}.Debug|ARM.ActiveCfg = Debug|ARM
		{3794BAEB-F827-4636-B0DA-FA40D1445541}.Debug|ARM.Build.0 = Debug|ARM
		{3794BAEB-F827-4636-B0DA-FA40D1445541}.Debug|ARM64.ActiveCfg = Debug|ARM64
		{3794BAEB-F827-4636-B0DA-FA40D1445541}.Debug|ARM64.Build.0 = Debug|ARM64
		{3794BAEB-F827-4636-B0DA-FA40D1445541}.Debug|x64.ActiveCfg = Debug|x64
		{3794BAEB-F827-4636-B0DA-FA40D1445541}.Debug|x64.Build.0 = Debug|x64
		{3794BAEB-F827-4636-B0DA-FA40D1445541}.Debug|x86.ActiveCfg = Debug|Win32
		{3794BAEB-F827-4636-B0DA-FA40D1445541}.Debug|x86.Build.0 = Debug|Win32
		{3794BAEB-F827-4636-B0DA-FA40D1445541}.Release|ARM.ActiveCfg = Release|ARM
		{3794BAEB-F827-4636-B0DA-FA40D1445541}.Release|ARM.Build.0 = Release|ARM
		{3794BAEB-F827-4636-B0DA-FA40D1445541}.Release|ARM64.ActiveCfg = Release|ARM64
		{3794BAEB-F827-4636-B0DA-FA40D1445541}.Release|ARM64.Build.0 = Release|ARM64
		{3794BAEB-F827-4636-B0DA-FA40D1445541}.Release|x64.ActiveCfg = Release|x64
		{3794BAEB-F827-4636-B0DA-FA40D1445541}.Release|x64.Build.0 = Release|x64
		{3794BAEB-F827-4636-B0DA-FA40D1445541}.Release|x86.ActiveCfg = Release|Win32
		{3794BAEB-F827-4636-B0DA-FA40D1445541}.Release|x86.Build.0 = Release|Win32
		{AAFD3E3C-158A-4356-83A2-2B2E6F146D2E}.Debug|ARM.ActiveCfg = Debug|ARM
		{AAFD3E3C-158A-4356-83A2-2B2E6F146D2E}.Debug|ARM.Build.0 = Debug|ARM
		{AAFD3E3C-158A-4356-83A2-2B2E6F146D2E}.Debug|ARM64.ActiveCfg = Debug|ARM64
		{AAFD3E3C-158A-4356-83A2-2B2E6F146D2E}.Debug|ARM64.Build.0 = Debug|ARM64
		{AAFD3E3C-158A-4356-83A2-2B2E6F146D2E}.Debug|x64.ActiveCfg = Debug|x64
		{AAFD3E3C-158A-4356-83A2-2B2E6F146D2E}.Debug|x64.Build.0 = Debug|x64
		{AAFD3E3C-158A-4356-83A2-2B2E6F146D2E}.Debug|x86.ActiveCfg = Debug|Win32
		{AAFD3E3C-158A-4356-83A2-2B2E6F146D2E}.Debug|x86.Build.0 = Debug|Win32
		{AAFD3E3C-158A-4356-83A2-2B2E6F146D2E}.Release|ARM.ActiveCfg = Release|ARM
		{AAFD3E3C-158A-4356-83A2-2B2E6F146D2E}.Release|ARM.Build.0 = Release|ARM
		{AAFD3E3C-158A-4356-83A2-2B2E6F146D2E}.Release|ARM64.ActiveCfg = Release|ARM64
		{AAFD3E3C-158A-4356-83A2-2B2E6F146D2E}.Release|ARM64.Build.0 = Release|ARM64
		{AAFD3E3C-158A-4356-83A2-2B2E6F146D2E}.Release|x64.ActiveCfg = Release|x64
		{AAFD3E3C-158A-4356-83A2-2B2E6F146D2E}.Release|x64.Build.0 = Release|x64
		{AAFD3E3C-158A-4356-83A2-2B2E6F146D2E}.Release|x86.ActiveCfg = Release|Win32
		{AAFD3E3C-158A-4356-83A2-2B2E6F146D2E}.Release|x86.Build.0 = Release|Win32
		{36BE6FE6-291D-48BB-99E4-D0096EB1A126}.Debug|ARM.ActiveCfg = Debug|ARM
		{36BE6FE6-291D-48BB-99E4-D0096EB1A126}.Debug|ARM.Build.0 = Debug|ARM
		{36BE6FE6-291D-48BB-99E4-D0096EB1A126}.Debug|ARM64.ActiveCfg = Debug|ARM64
		{36BE6FE6-291D-48BB-99E4-D0096EB1A126}.Debug|ARM64.Build.0 = Debug|ARM64
		{36BE6FE6-291D-48BB-99E4-D0096EB1A126}.Debug|x64.ActiveCfg = Debug|x64
		{36BE6FE6-291D-48BB-99E4-D0096EB1A126}.Debug|x64.Build.0 = Debug|x64
		{36BE6FE6-291D-48BB-99E4-D0096EB1A126}.Debug|x86.ActiveCfg = Debug|Win32
		{36BE6FE6-291D-48BB-99E4-D0096EB1A126}.Debug|x86.Build.0 = Debug|Win32
		{36BE6FE6-291D-48BB-99E4-D0096EB1A126}.Release|ARM.ActiveCfg = Release|ARM
		{36BE6FE6-291D-48BB-99E4-D0096EB1A126}.Release|ARM.Build.0 = Release|ARM
		{36BE6FE6-291D-48BB-99E4-D0096EB1A126}.Release|ARM64.ActiveCfg = Release|ARM64
		{36BE6FE6-291D-48BB-99E4-D0096EB1A126}.Release|ARM64.Build.0 = Release|ARM64
		{36BE6FE6-291D-48BB-99E4-D0096EB1A126}.Release|x64.ActiveCfg = Release|x64
		{36BE6FE6-291D-48BB-99E4-D0096EB1A126}.Release|x64.Build.0 = Release|x64
		{36BE6FE6-291D-48BB-99E4-D0096EB1A126}.Release|x86.ActiveCfg = Release|Win32
		{36BE6FE6-291D-48BB-99E4-D0096EB1A126}.Release|x86.Build.0 = Release|Win32
		{92447115-3EEB-47C4-A251-310E122ACD9C}.Debug|ARM.ActiveCfg = Debug|ARM
		{92447115-3EEB-47C4-A251-310E122ACD9C}.Debug|ARM.Build.0 = Debug|ARM
		{92447115-3EEB-47C4-A251-310E122ACD9C}.Debug|ARM64.ActiveCfg = Debug|ARM64
		{92447115-3EEB-47C4-A251-310E122ACD9C}.Debug|ARM64.Build.0 = Debug|ARM64
		{92447115-3EEB-47C4-A251-310E122ACD9C}.Debug|x64.ActiveCfg = Debug|x64
		{92447115-3EEB-47C4-A251-310E122ACD9C}.Debug|x64.Build.0 = Debug|x64
		{92447115-3EEB-47C4-A251-310E122ACD9C}.Debug|x86.ActiveCfg = Debug|Win32
		{92447115-3EEB-47C4-A251-310E122ACD9C}.Debug|x86.Build.0 = Debug|Win32
		{92447115-3EEB-47C4-A251-310E122ACD9C}.Release|ARM.ActiveCfg = Release|ARM
		{92447115-3EEB-47C4-A251-310E122ACD9C}.Release|ARM.Build.0 = Release|ARM
		{92447115-3EEB-47C4-A251-310E122ACD9C}.Release|ARM64.ActiveCfg = Release|ARM64
		{92447115-3EEB-47C4-A251-310E122ACD9C}.Release|ARM64.Build.0 = Release|ARM64
		{92447115-3EEB-47C4-A251-310E122ACD9C}.Release|x64.ActiveCfg = Release|x64
		{92447115-3EEB-47C4-A251-310E122ACD9C}.Release|x64.Build.0 = Release|x64
		{92447115-3EEB-47C4-A251-310E122ACD9C}.Release|x86.ActiveCfg = Release|Win32
		{92447115-3EEB-47C4-A251-310E122ACD9C}.Release|x86.Build.0 = Release|Win32
		{5871817E-31F4-4487-AFCA-4042E821D432}.Debug|ARM.ActiveCfg = Debug|ARM
		{5871817E-31F4-4487-AFCA-4042E821D432}.Debug|ARM.Build.0 = Debug|ARM
		{5871817E-31F4-4487-AFCA-4042E821D432}.Debug|ARM64.ActiveCfg = Debug|ARM64
		{5871817E-31F4-4487-AFCA-4042E821D432}.Debug|ARM64.Build.0 = Debug|ARM64
		{5871817E-31F4-4487-AFCA-4042E821D432}.Debug|x64.ActiveCfg = Debug|x64
		{5871817E-31F4-4487-AFCA-4042E821D432}.Debug|x64.Build.0 = Debug|x64
		{5871817E-31F4-4487-AFCA-4042E821D432}.Debug|x86.ActiveCfg = Debug|Win32
		{5871817E-31F4-4487-AFCA-4042E821D432}.Debug|x86.Build.0 = Debug|Win32
		{5871817E-31F4-4487-AFCA-4042E821D432}.Release|ARM.ActiveCfg = Release|ARM
		{5871817E-31F4-4487-AFCA-4042E821D432}.Release|ARM.Build.0 = Release|ARM
		{5871817E-31F4-4487-AFCA-4042E821D432}.Release|ARM64.ActiveCfg = Release|ARM64
		{5871817E-31F4-4487-AFCA-4042E821D432}.Release|ARM64.Build.0 = Release|ARM64
		{5871817E-31F4-4487-AFCA-4042E821D432}.Release|x64.ActiveCfg = Release|x64
		{5871817E-31F4-4487-AFCA-4042E821D432}.Release|x64.Build.0 = Release|x64
		{5871817E-31F4-4487-AFCA-4042E821D432}.Release|x86.ActiveCfg = Release|Win32
		{5871817E-31F4-4487-AFCA-4042E821D432}.Release|x86.Build.0 = Release|Win32
		{DC0421A2-4C92-4071-AC15-28ACCCB3C190}.Debug|ARM.ActiveCfg = Debug|ARM
		{DC0421A2-4C92-4071-AC15-28ACCCB3C190}.Debug|ARM.Build.0 = Debug|ARM
		{DC0421A2-4C92-4071-AC15-28ACCCB3C190}.Debug|ARM64.ActiveCfg = Debug|ARM64
		{DC0421A2-4C92-4071-AC15-28ACCCB3C190}.Debug|ARM64.Build.0 = Debug|ARM64
		{DC0421A2-4C92-4071-AC15-28ACCCB3C190}.Debug|x64.ActiveCfg = Debug|x64
		{DC0421A2-4C92-4071-AC15-28ACCCB3C190}.Debug|x64.Build.0 = Debug|x64
		{DC0421A2-4C92-4071-AC15-28ACCCB3C190}.Debug|x86.ActiveCfg = Debug|Win32
		{DC0421A2-4C92-4071-AC15-28ACCCB3C190}.Debug|x86.Build.0 = Debug|Win32
		{DC0421A2-4C92-4071-AC15-28ACCCB3C190}.Release|ARM.ActiveCfg = Release|ARM
		{DC0421A2-4C92-4071-AC15-28ACCCB3C190}.Release|ARM.Build.0 = Release|ARM
		{DC0421A2-4C92-4071-AC15-28ACCCB3C190}.Release|ARM64.ActiveCfg = Release|ARM64
		{DC0421A2-4C92-4071-AC15-28ACCCB3C190}.Release|ARM64.Build.0 = Release|ARM64
		{DC0421A2-4C92-4071-AC15-28ACCCB3C190}.Release|x64.ActiveCfg = Release|x64
		{DC0421A2-4C92-4071-AC15-28ACCCB3C190}.Release|x64.Build.0 = Release|x64
		{DC0421A2-4C92-4071-AC15-28ACCCB3C190}.Release|x86.ActiveCfg = Release|Win32
		{DC0421A2-4C92-4071-AC15-28ACCCB3C190}.Release|x86.Build.0 = Release|Win32
		{2FE2D539-F2A0-4F52-90BF-FE0617870AFD}.Debug|ARM.ActiveCfg = Debug|ARM
		{2FE2D539-F2A0-4F52-90BF-FE0617870AFD}.Debug|ARM.Build.0 = Debug|ARM
		{2FE2D539-F2A0-4F52-90BF-FE0617870AFD}.Debug|ARM64.ActiveCfg = Debug|ARM64
		{2FE2D539-F2A0-4F52-90BF-FE0617870AFD}.Debug|ARM64.Build.0 = Debug|ARM64
		{2FE2D539-F2A0-4F52-90BF-FE0617870AFD}.Debug|x64.ActiveCfg = Debug|x64
		{2FE2D539-F2A0-4F52-90BF-FE0617870AFD}.Debug|x64.Build.0 = Debug|x64
		{2FE2D539-F2A0-4F52-90BF-FE0617870AFD}.Debug|x86.ActiveCfg = Debug|Win32
		{2FE2D539-F2A0-4F52-90BF-FE0617870AFD}.Debug|x86.Build.0 = Debug|Win32
		{2FE2D539-F2A0-4F52-90BF-FE0617870AFD}.Release|ARM.ActiveCfg = Release|ARM
		{2FE2D539-F2A0-4F52-90BF-FE0617870AFD}.Release|ARM.Build.0 = Release|ARM
		{2FE2D539-F2A0-4F52-90BF-FE0617870AFD}.Release|ARM64.ActiveCfg = Release|ARM64
		{2FE2D539-F2A0-4F52-90BF-FE0617870AFD}.Release|ARM64.Build.0 = Release|ARM64
		{2FE2D539-F2A0-4F52-90BF-FE0617870AFD}.Release|x64.ActiveCfg = Release|x64
		{2FE2D539-F2A0-4F52-90BF-FE0617870AFD}.Release|x64.Build.0 = Release|x64
		{2FE2D539-F2A0-4F52-90BF-FE0617870AFD}.Release|x86.ActiveCfg = Release|Win32
		{2FE2D539-F2A0-4F52-90BF-FE0617870AFD}.Release|x86.Build.0 = Release|Win32
		{42B66511-8A8D-43B6-A53C-DB9D790DBBBB}.Debug|ARM.ActiveCfg = Debug|ARM
		{42B66511-8A8D-43B6-A53C-DB9D790DBBBB}.Debug|ARM64.ActiveCfg = Debug|ARM64
		{42B66511-8A8D-43B6-A53C-DB9D790DBBBB}.Debug|x64.ActiveCfg = Debug|x64
		{42B66511-8A8D-43B6-A53C-DB9D790DBBBB}.Debug|x86.ActiveCfg = Debug|Win32
		{42B66511-8A8D-43B6-A53C-DB9D790DBBBB}.Release|ARM.ActiveCfg = Release|ARM
		{42B66511-8A8D-43B6-A53C-DB9D790DBBBB}.Release|ARM64.ActiveCfg = Release|ARM64
		{42B66511-8A8D-43B6-A53C-DB9D790DBBBB}.Release|x64.ActiveCfg = Release|x64
		{42B66511-8A8D-43B6-A53C-DB9D790DBBBB}.Release|x86.ActiveCfg = Release|Win32
	EndGlobalSection
	GlobalSection(SolutionProperties) = preSolution
		HideSolutionNode = FALSE
	EndGlobalSection
	GlobalSection(NestedProjects) = preSolution
		{A67E2EA3-C913-48BD-8749-47737436D14E} = {76DA060C-CAE9-448B-9BA4-A49ABEA5763F}
		{20235CB3-A739-4596-88F2-6995D611968A} = {A67E2EA3-C913-48BD-8749-47737436D14E}
		{F18A2C2C-4E95-4FC1-BF07-346163E322C5} = {A67E2EA3-C913-48BD-8749-47737436D14E}
		{643696BD-7321-411C-A69E-29805F36A3DC} = {A67E2EA3-C913-48BD-8749-47737436D14E}
		{EA46614F-34AA-458F-8ACF-6C22734081C5} = {A67E2EA3-C913-48BD-8749-47737436D14E}
		{3794BAEB-F827-4636-B0DA-FA40D1445541} = {A67E2EA3-C913-48BD-8749-47737436D14E}
		{FBEACEE6-0F26-4749-A8F2-0C683D2434BE} = {76DA060C-CAE9-448B-9BA4-A49ABEA5763F}
		{AAFD3E3C-158A-4356-83A2-2B2E6F146D2E} = {D1F33845-9BD7-47AA-86DE-37DD472C0AD8}
		{D1F33845-9BD7-47AA-86DE-37DD472C0AD8} = {A67E2EA3-C913-48BD-8749-47737436D14E}
		{36BE6FE6-291D-48BB-99E4-D0096EB1A126} = {A67E2EA3-C913-48BD-8749-47737436D14E}
		{92447115-3EEB-47C4-A251-310E122ACD9C} = {FBEACEE6-0F26-4749-A8F2-0C683D2434BE}
		{5871817E-31F4-4487-AFCA-4042E821D432} = {FBEACEE6-0F26-4749-A8F2-0C683D2434BE}
		{DC0421A2-4C92-4071-AC15-28ACCCB3C190} = {FBEACEE6-0F26-4749-A8F2-0C683D2434BE}
		{2FE2D539-F2A0-4F52-90BF-FE0617870AFD} = {FBEACEE6-0F26-4749-A8F2-0C683D2434BE}
		{42B66511-8A8D-43B6-A53C-DB9D790DBBBB} = {A67E2EA3-C913-48BD-8749-47737436D14E}
	EndGlobalSection
	GlobalSection(ExtensibilityGlobals) = postSolution
		SolutionGuid = {88068648-8FEA-4B04-ADBE-8FB52F1EC032}
	EndGlobalSection
EndGlobal
