
Microsoft Visual Studio Solution File, Format Version 12.00
# Visual Studio Version 16
VisualStudioVersion = 16.0.33214.272
MinimumVisualStudioVersion = 10.0.40219.1
Project("{8BC9CEB8-8B4A-11D0-8D11-00A0C91BC942}") = "any_quick_test", "any_quick_test.vcxproj", "{F18A2C2C-4E95-4FC1-BF07-346163E322C5}"
EndProject
Global
	GlobalSection(SolutionConfigurationPlatforms) = preSolution
		Debug|ARM = Debug|ARM
		Debug|ARM64 = Debug|ARM64
		Debug|x64 = Debug|x64
		Debug|x86 = Debug|x86
		Release|ARM = Release|ARM
		Release|ARM64 = Release|ARM64
		Release|x64 = Release|x64
		Release|x86 = Release|x86
	EndGlobalSection
	GlobalSection(ProjectConfigurationPlatforms) = postSolution
		{F18A2C2C-4E95-4FC1-BF07-346163E322C5}.Debug|ARM.ActiveCfg = Debug|ARM
		{F18A2C2C-4E95-4FC1-BF07-346163E322C5}.Debug|ARM.Build.0 = Debug|ARM
		{F18A2C2C-4E95-4FC1-BF07-346163E322C5}.Debug|ARM64.ActiveCfg = Debug|ARM64
		{F18A2C2C-4E95-4FC1-BF07-346163E322C5}.Debug|ARM64.Build.0 = Debug|ARM64
		{F18A2C2C-4E95-4FC1-BF07-346163E322C5}.Debug|x64.ActiveCfg = Debug|x64
		{F18A2C2C-4E95-4FC1-BF07-346163E322C5}.Debug|x64.Build.0 = Debug|x64
		{F18A2C2C-4E95-4FC1-BF07-346163E322C5}.Debug|x86.ActiveCfg = Debug|Win32
		{F18A2C2C-4E95-4FC1-BF07-346163E322C5}.Debug|x86.Build.0 = Debug|Win32
		{F18A2C2C-4E95-4FC1-BF07-346163E322C5}.Release|ARM.ActiveCfg = Release|ARM
		{F18A2C2C-4E95-4FC1-BF07-346163E322C5}.Release|ARM.Build.0 = Release|ARM
		{F18A2C2C-4E95-4FC1-BF07-346163E322C5}.Release|ARM64.ActiveCfg = Release|ARM64
		{F18A2C2C-4E95-4FC1-BF07-346163E322C5}.Release|ARM64.Build.0 = Release|ARM64
		{F18A2C2C-4E95-4FC1-BF07-346163E322C5}.Release|x64.ActiveCfg = Release|x64
		{F18A2C2C-4E95-4FC1-BF07-346163E322C5}.Release|x64.Build.0 = Release|x64
		{F18A2C2C-4E95-4FC1-BF07-346163E322C5}.Release|x86.ActiveCfg = Release|Win32
		{F18A2C2C-4E95-4FC1-BF07-346163E322C5}.Release|x86.Build.0 = Release|Win32
	EndGlobalSection
	GlobalSection(SolutionProperties) = preSolution
		HideSolutionNode = FALSE
	EndGlobalSection
	GlobalSection(ExtensibilityGlobals) = postSolution
		SolutionGuid = {CA986D20-7014-4D2B-BA14-C5ED69F43BA9}
	EndGlobalSection
EndGlobal
