<?xml version="1.0" encoding="utf-8"?>
<Project ToolsVersion="4.0" xmlns="http://schemas.microsoft.com/developer/msbuild/2003">
  <ItemGroup>
    <Filter Include="Source Files">
      <UniqueIdentifier>{4FC737F1-C7A5-4376-A066-2A32D752A2FF}</UniqueIdentifier>
      <Extensions>cpp;c;cc;cxx;c++;cppm;ixx;def;odl;idl;hpj;bat;asm;asmx</Extensions>
    </Filter>
    <Filter Include="Header Files">
      <UniqueIdentifier>{93995380-89BD-4b04-88EB-625FBE52EBFB}</UniqueIdentifier>
      <Extensions>h;hh;hpp;hxx;h++;hm;inl;inc;ipp;xsd</Extensions>
    </Filter>
    <Filter Include="Resource Files">
      <UniqueIdentifier>{67DA6AB6-F800-4c08-8B7A-83BB121AAD01}</UniqueIdentifier>
      <Extensions>rc;ico;cur;bmp;dlg;rc2;rct;bin;rgs;gif;jpg;jpeg;jpe;resx;tiff;tif;png;wav;mfcribbon-ms</Extensions>
    </Filter>
    <Filter Include="Header Files\include">
      <UniqueIdentifier>{7dcab733-6b4e-4a13-9dae-ef0c79970435}</UniqueIdentifier>
    </Filter>
    <Filter Include="Header Files\src">
      <UniqueIdentifier>{6218e036-da3c-4130-ab63-048b957a3a40}</UniqueIdentifier>
    </Filter>
    <Filter Include="Header Files\src\include">
      <UniqueIdentifier>{6b52bdfd-27d1-4c22-9afc-67ea08f9118a}</UniqueIdentifier>
    </Filter>
    <Filter Include="Header Files\src\include\private">
      <UniqueIdentifier>{12e747f9-b671-4aa6-9e28-8a1311813c54}</UniqueIdentifier>
    </Filter>
    <Filter Include="Header Files\include\cutils">
      <UniqueIdentifier>{d7f43aaa-cb20-42b1-8ac2-bf7f7c26ab5a}</UniqueIdentifier>
    </Filter>
    <Filter Include="Header Files\include\cutils\list">
      <UniqueIdentifier>{514cfae5-6c3d-4aa3-9d03-f00da12fb4d9}</UniqueIdentifier>
    </Filter>
    <Filter Include="Header Files\include\cutils\hash">
      <UniqueIdentifier>{e2ac7877-2c67-4f66-8038-c797fbb74077}</UniqueIdentifier>
    </Filter>
    <Filter Include="Header Files\include\cutils\tool">
      <UniqueIdentifier>{29ad1ebe-7e90-4c75-8655-63a8f9f3315f}</UniqueIdentifier>
    </Filter>
    <Filter Include="Header Files\include\cutils\parser">
      <UniqueIdentifier>{90f6ba8f-f475-4dfc-b758-578593d83e1d}</UniqueIdentifier>
    </Filter>
    <Filter Include="Header Files\src\include\private\cutils">
      <UniqueIdentifier>{ec84eaab-bf98-406c-8ddc-c291e8b9b33d}</UniqueIdentifier>
    </Filter>
    <Filter Include="Header Files\src\include\private\cutils\parser">
      <UniqueIdentifier>{2e8d0ff8-64d1-4588-930b-6fac6f21a35b}</UniqueIdentifier>
    </Filter>
    <Filter Include="files">
      <UniqueIdentifier>{f3b131ee-6a34-42ae-ac8e-77d3be3b3b10}</UniqueIdentifier>
    </Filter>
  </ItemGroup>
  <ItemGroup>
    <ClCompile Include="..\..\..\src\tests\main_any_quick_test.c">
      <Filter>Source Files</Filter>
    </ClCompile>
    <ClCompile Include="..\..\..\src\core\cutils_core_hash_dllhash.c">
      <Filter>Source Files</Filter>
    </ClCompile>
    <ClCompile Include="..\..\..\src\core\cutils_core_list_dllist.c">
      <Filter>Source Files</Filter>
    </ClCompile>
    <ClCompile Include="..\..\..\src\core\cutils_core_loadfreelib_on_remote_process_unix.c">
      <Filter>Source Files</Filter>
    </ClCompile>
    <ClCompile Include="..\..\..\src\core\cutils_core_loadfreelib_on_remote_process_windows.c">
      <Filter>Source Files</Filter>
    </ClCompile>
    <ClCompile Include="..\..\..\src\core\cutils_core_logger.c">
      <Filter>Source Files</Filter>
    </ClCompile>
    <ClCompile Include="..\..\..\src\core\cutils_core_lw_mutex_recursive.c">
      <Filter>Source Files</Filter>
    </ClCompile>
    <ClCompile Include="..\..\..\src\core\cutils_core_parser_argparser01.c">
      <Filter>Source Files</Filter>
    </ClCompile>
    <ClCompile Include="..\..\..\src\core\cutils_core_parser_tokenizer01.c">
      <Filter>Source Files</Filter>
    </ClCompile>
    <ClCompile Include="..\..\..\src\core\cutils_core_replace_function_windows.c">
      <Filter>Source Files</Filter>
    </ClCompile>
    <ClCompile Include="..\..\..\src\core\cutils_core_unit_test.c">
      <Filter>Source Files</Filter>
    </ClCompile>
    <ClCompile Include="..\..\..\src\intern\cutils_core_intern_tokenizer01_common.c">
      <Filter>Source Files</Filter>
    </ClCompile>
    <ClCompile Include="..\..\..\src\intern\cutils_core_intern_tokenizer01_windows.c">
      <Filter>Source Files</Filter>
    </ClCompile>
    <ClCompile Include="..\..\..\src\intern\cutils_core_intern_tokenizer02_common.c">
      <Filter>Source Files</Filter>
    </ClCompile>
    <ClCompile Include="..\..\..\src\intern\cutils_core_intern_tokenizer02_windows.c">
      <Filter>Source Files</Filter>
    </ClCompile>
  </ItemGroup>
  <ItemGroup>
    <ClInclude Include="..\..\..\include\cutils\common_data01.h">
      <Filter>Header Files\include\cutils</Filter>
    </ClInclude>
    <ClInclude Include="..\..\..\include\cutils\common_data02.h">
      <Filter>Header Files\include\cutils</Filter>
    </ClInclude>
    <ClInclude Include="..\..\..\include\cutils\export_symbols.h">
      <Filter>Header Files\include\cutils</Filter>
    </ClInclude>
    <ClInclude Include="..\..\..\include\cutils\loadfreelib_on_remote_process.h">
      <Filter>Header Files\include\cutils</Filter>
    </ClInclude>
    <ClInclude Include="..\..\..\include\cutils\loadfreelib_on_remote_process_sys.h">
      <Filter>Header Files\include\cutils</Filter>
    </ClInclude>
    <ClInclude Include="..\..\..\include\cutils\logger.h">
      <Filter>Header Files\include\cutils</Filter>
    </ClInclude>
    <ClInclude Include="..\..\..\include\cutils\lw_mutex_recursive.h">
      <Filter>Header Files\include\cutils</Filter>
    </ClInclude>
    <ClInclude Include="..\..\..\include\cutils\replace_function.h">
      <Filter>Header Files\include\cutils</Filter>
    </ClInclude>
    <ClInclude Include="..\..\..\include\cutils\replace_function_sys.h">
      <Filter>Header Files\include\cutils</Filter>
    </ClInclude>
    <ClInclude Include="..\..\..\include\cutils\unit_test.h">
      <Filter>Header Files\include\cutils</Filter>
    </ClInclude>
    <ClInclude Include="..\..\..\include\cutils\hash\dllhash.h">
      <Filter>Header Files\include\cutils\hash</Filter>
    </ClInclude>
    <ClInclude Include="..\..\..\include\cutils\list\dllist.h">
      <Filter>Header Files\include\cutils\list</Filter>
    </ClInclude>
    <ClInclude Include="..\..\..\include\cutils\tool\unit_test_tools.h">
      <Filter>Header Files\include\cutils\tool</Filter>
    </ClInclude>
    <ClInclude Include="..\..\..\include\cutils\parser\argparser01.h">
      <Filter>Header Files\include\cutils\parser</Filter>
    </ClInclude>
    <ClInclude Include="..\..\..\include\cutils\parser\tokenizer01.h">
      <Filter>Header Files\include\cutils\parser</Filter>
    </ClInclude>
    <ClInclude Include="..\..\..\src\include\private\cutils\parser\tokenizer01_common_p.h">
      <Filter>Header Files\src\include\private\cutils\parser</Filter>
    </ClInclude>
    <ClInclude Include="..\..\..\src\include\private\cutils\parser\tokenizer01_windows_p.h">
      <Filter>Header Files\src\include\private\cutils\parser</Filter>
    </ClInclude>
    <ClInclude Include="..\..\..\src\include\private\cutils\parser\tokenizer02_common_p.h">
      <Filter>Header Files\src\include\private\cutils\parser</Filter>
    </ClInclude>
    <ClInclude Include="..\..\..\src\include\private\cutils\parser\tokenizer02_windows_p.h">
      <Filter>Header Files\src\include\private\cutils\parser</Filter>
    </ClInclude>
    <ClInclude Include="..\..\..\src\core\cutils_core_list_dllist.impl.h">
      <Filter>Header Files</Filter>
    </ClInclude>
  </ItemGroup>
  <ItemGroup>
    <None Include="..\any_quick_test_mkfl\any_quick_test.unix.Makefile">
      <Filter>files</Filter>
    </None>
    <None Include="..\any_quick_test_qt\any_quick_test.pro">
      <Filter>files</Filter>
    </None>
  </ItemGroup>
</Project>