<?xml version="1.0" encoding="utf-8"?>
<Project ToolsVersion="4.0" xmlns="http://schemas.microsoft.com/developer/msbuild/2003">
  <ItemGroup>
    <Filter Include="Source Files">
      <UniqueIdentifier>{4FC737F1-C7A5-4376-A066-2A32D752A2FF}</UniqueIdentifier>
      <Extensions>cpp;c;cc;cxx;c++;cppm;ixx;def;odl;idl;hpj;bat;asm;asmx</Extensions>
    </Filter>
    <Filter Include="Header Files">
      <UniqueIdentifier>{93995380-89BD-4b04-88EB-625FBE52EBFB}</UniqueIdentifier>
      <Extensions>h;hh;hpp;hxx;h++;hm;inl;inc;ipp;xsd</Extensions>
    </Filter>
    <Filter Include="Resource Files">
      <UniqueIdentifier>{67DA6AB6-F800-4c08-8B7A-83BB121AAD01}</UniqueIdentifier>
      <Extensions>rc;ico;cur;bmp;dlg;rc2;rct;bin;rgs;gif;jpg;jpeg;jpe;resx;tiff;tif;png;wav;mfcribbon-ms</Extensions>
    </Filter>
    <Filter Include="Header Files\include">
      <UniqueIdentifier>{7dcab733-6b4e-4a13-9dae-ef0c79970435}</UniqueIdentifier>
    </Filter>
    <Filter Include="Header Files\include\cinternal">
      <UniqueIdentifier>{d7f43aaa-cb20-42b1-8ac2-bf7f7c26ab5a}</UniqueIdentifier>
    </Filter>
    <Filter Include="Header Files\include\cinternal\list">
      <UniqueIdentifier>{514cfae5-6c3d-4aa3-9d03-f00da12fb4d9}</UniqueIdentifier>
    </Filter>
    <Filter Include="Header Files\include\cinternal\hash">
      <UniqueIdentifier>{e2ac7877-2c67-4f66-8038-c797fbb74077}</UniqueIdentifier>
    </Filter>
    <Filter Include="Header Files\include\cinternal\parser">
      <UniqueIdentifier>{90f6ba8f-f475-4dfc-b758-578593d83e1d}</UniqueIdentifier>
    </Filter>
    <Filter Include="Header Files\src">
      <UniqueIdentifier>{6218e036-da3c-4130-ab63-048b957a3a40}</UniqueIdentifier>
    </Filter>
    <Filter Include="Header Files\src\include">
      <UniqueIdentifier>{6b52bdfd-27d1-4c22-9afc-67ea08f9118a}</UniqueIdentifier>
    </Filter>
    <Filter Include="Header Files\src\include\private">
      <UniqueIdentifier>{12e747f9-b671-4aa6-9e28-8a1311813c54}</UniqueIdentifier>
    </Filter>
    <Filter Include="Header Files\src\include\private\cinternal">
      <UniqueIdentifier>{23372132-3a95-4b23-90b3-de1ca7b80989}</UniqueIdentifier>
    </Filter>
    <Filter Include="Header Files\src\include\private\cinternal\parser">
      <UniqueIdentifier>{7e9c1a7c-97ca-450b-97aa-b4b1544e4826}</UniqueIdentifier>
    </Filter>
  </ItemGroup>
  <ItemGroup>
    <ClCompile Include="..\..\..\src\tests\main_any_quick_test.c">
      <Filter>Source Files</Filter>
    </ClCompile>
    <ClCompile Include="..\..\..\src\core\cinternal_core_hash_lhash.c">
      <Filter>Source Files</Filter>
    </ClCompile>
    <ClCompile Include="..\..\..\src\core\cinternal_core_list_llist.c">
      <Filter>Source Files</Filter>
    </ClCompile>
    <ClCompile Include="..\..\..\src\core\cinternal_core_parser_tokenizer01.c">
      <Filter>Source Files</Filter>
    </ClCompile>
    <ClCompile Include="..\..\..\src\intern\cinternal_core_intern_tokenizer01_windows.c">
      <Filter>Source Files</Filter>
    </ClCompile>
    <ClCompile Include="..\..\..\src\core\cinternal_core_load_lib_on_remote_process_sys_windows.c">
      <Filter>Source Files</Filter>
    </ClCompile>
    <ClCompile Include="..\..\..\src\core\cinternal_core_parser_argparser01.c">
      <Filter>Source Files</Filter>
    </ClCompile>
    <ClCompile Include="..\..\..\src\core\cinternal_core_replace_function_windows.c">
      <Filter>Source Files</Filter>
    </ClCompile>
  </ItemGroup>
  <ItemGroup>
    <ClInclude Include="..\..\..\include\cinternal\c_raii.h">
      <Filter>Header Files\include\cinternal</Filter>
    </ClInclude>
    <ClInclude Include="..\..\..\include\cinternal\common_data01.h">
      <Filter>Header Files\include\cinternal</Filter>
    </ClInclude>
    <ClInclude Include="..\..\..\include\cinternal\disable_compiler_warnings.h">
      <Filter>Header Files\include\cinternal</Filter>
    </ClInclude>
    <ClInclude Include="..\..\..\include\cinternal\export_symbols.h">
      <Filter>Header Files\include\cinternal</Filter>
    </ClInclude>
    <ClInclude Include="..\..\..\include\cinternal\flagshelper.h">
      <Filter>Header Files\include\cinternal</Filter>
    </ClInclude>
    <ClInclude Include="..\..\..\include\cinternal\internal_header.h">
      <Filter>Header Files\include\cinternal</Filter>
    </ClInclude>
    <ClInclude Include="..\..\..\include\cinternal\macroses02.h">
      <Filter>Header Files\include\cinternal</Filter>
    </ClInclude>
    <ClInclude Include="..\..\..\include\cinternal\list\llist.h">
      <Filter>Header Files\include\cinternal\list</Filter>
    </ClInclude>
    <ClInclude Include="..\..\..\include\cinternal\hash\lhash.h">
      <Filter>Header Files\include\cinternal\hash</Filter>
    </ClInclude>
    <ClInclude Include="..\..\..\include\cinternal\macroses.h">
      <Filter>Header Files\include\cinternal</Filter>
    </ClInclude>
    <ClInclude Include="..\..\..\include\cinternal\insert_info_to_bin.h">
      <Filter>Header Files\include\cinternal</Filter>
    </ClInclude>
    <ClInclude Include="..\..\..\include\cinternal\parser\tokenizer01.h">
      <Filter>Header Files\include\cinternal\parser</Filter>
    </ClInclude>
    <ClInclude Include="..\..\..\src\include\private\cinternal\parser\tokenizer01_windows_p.h">
      <Filter>Header Files\src\include\private\cinternal\parser</Filter>
    </ClInclude>
    <ClInclude Include="..\..\..\include\cinternal\parser\argparser01.h">
      <Filter>Header Files\include\cinternal\parser</Filter>
    </ClInclude>
    <ClInclude Include="..\..\..\include\cinternal\endian.h">
      <Filter>Header Files\include\cinternal</Filter>
    </ClInclude>
    <ClInclude Include="..\..\..\include\cinternal\load_lib_on_remote_process_sys.h">
      <Filter>Header Files\include\cinternal</Filter>
    </ClInclude>
    <ClInclude Include="..\..\..\include\cinternal\replace_function.h">
      <Filter>Header Files\include\cinternal</Filter>
    </ClInclude>
    <ClInclude Include="..\..\..\include\cinternal\replace_function_sys.h">
      <Filter>Header Files\include\cinternal</Filter>
    </ClInclude>
  </ItemGroup>
</Project>